
Microsoft Visual Studio Solution File, Format Version 12.00
# Visual Studio Version 16
VisualStudioVersion = 16.0.31605.320
MinimumVisualStudioVersion = 10.0.40219.1
Project("{FAE04EC0-301F-11D3-BF4B-00C04F79EFBC}") = "gRPC Client", "gRPC Client\gRPC Client.csproj", "{32BD215B-87B2-49FB-B923-8ED455CFAEEF}"
EndProject
Global
	GlobalSection(SolutionConfigurationPlatforms) = preSolution
		Debug|Any CPU = Debug|Any CPU
		Release|Any CPU = Release|Any CPU
	EndGlobalSection
	GlobalSection(ProjectConfigurationPlatforms) = postSolution
		{32BD215B-87B2-49FB-B923-8ED455CFAEEF}.Debug|Any CPU.ActiveCfg = Debug|Any CPU
		{32BD215B-87B2-49FB-B923-8ED455CFAEEF}.Debug|Any CPU.Build.0 = Debug|Any CPU
		{32BD215B-87B2-49FB-B923-8ED455CFAEEF}.Release|Any CPU.ActiveCfg = Release|Any CPU
		{32BD215B-87B2-49FB-B923-8ED455CFAEEF}.Release|Any CPU.Build.0 = Release|Any CPU
	EndGlobalSection
	GlobalSection(SolutionProperties) = preSolution
		HideSolutionNode = FALSE
	EndGlobalSection
	GlobalSection(ExtensibilityGlobals) = postSolution
		SolutionGuid = {64F6C154-3140-4A2C-B11C-6DB0107167AE}
	EndGlobalSection
EndGlobal
